
Microsoft Visual Studio Solution File, Format Version 12.00
# Visual Studio 15
VisualStudioVersion = 15.0.28307.489
MinimumVisualStudioVersion = 10.0.40219.1
Project("{FAE04EC0-301F-11D3-BF4B-00C04F79EFBC}") = "MasterDetail.Android", "MasterDetail\MasterDetail.Android\MasterDetail.Android.csproj", "{24CE3C36-16B9-426D-AA0C-5961ECF8D88C}"
EndProject
Project("{FAE04EC0-301F-11D3-BF4B-00C04F79EFBC}") = "MasterDetail.iOS", "MasterDetail\MasterDetail.iOS\MasterDetail.iOS.csproj", "{DE0C8C8D-3B7C-429F-9103-9183195D37CE}"
EndProject
Project("{FAE04EC0-301F-11D3-BF4B-00C04F79EFBC}") = "MasterDetail.UWP", "MasterDetail\MasterDetail.UWP\MasterDetail.UWP.csproj", "{692F0E6C-DAD9-406D-B948-1297706E94AB}"
EndProject
Project("{FAE04EC0-301F-11D3-BF4B-00C04F79EFBC}") = "MasterDetail", "MasterDetail\MasterDetail\MasterDetail.csproj", "{C9E5725D-2C7E-42F7-BAAC-F42560039D86}"
EndProject
Global
	GlobalSection(SolutionConfigurationPlatforms) = preSolution
		Debug|Any CPU = Debug|Any CPU
		Debug|ARM = Debug|ARM
		Debug|iPhone = Debug|iPhone
		Debug|iPhoneSimulator = Debug|iPhoneSimulator
		Debug|x64 = Debug|x64
		Debug|x86 = Debug|x86
		Release|Any CPU = Release|Any CPU
		Release|ARM = Release|ARM
		Release|iPhone = Release|iPhone
		Release|iPhoneSimulator = Release|iPhoneSimulator
		Release|x64 = Release|x64
		Release|x86 = Release|x86
	EndGlobalSection
	GlobalSection(ProjectConfigurationPlatforms) = postSolution
		{24CE3C36-16B9-426D-AA0C-5961ECF8D88C}.Debug|Any CPU.ActiveCfg = Debug|Any CPU
		{24CE3C36-16B9-426D-AA0C-5961ECF8D88C}.Debug|Any CPU.Build.0 = Debug|Any CPU
		{24CE3C36-16B9-426D-AA0C-5961ECF8D88C}.Debug|Any CPU.Deploy.0 = Debug|Any CPU
		{24CE3C36-16B9-426D-AA0C-5961ECF8D88C}.Debug|ARM.ActiveCfg = Debug|Any CPU
		{24CE3C36-16B9-426D-AA0C-5961ECF8D88C}.Debug|ARM.Build.0 = Debug|Any CPU
		{24CE3C36-16B9-426D-AA0C-5961ECF8D88C}.Debug|ARM.Deploy.0 = Debug|Any CPU
		{24CE3C36-16B9-426D-AA0C-5961ECF8D88C}.Debug|iPhone.ActiveCfg = Debug|Any CPU
		{24CE3C36-16B9-426D-AA0C-5961ECF8D88C}.Debug|iPhone.Build.0 = Debug|Any CPU
		{24CE3C36-16B9-426D-AA0C-5961ECF8D88C}.Debug|iPhone.Deploy.0 = Debug|Any CPU
		{24CE3C36-16B9-426D-AA0C-5961ECF8D88C}.Debug|iPhoneSimulator.ActiveCfg = Debug|Any CPU
		{24CE3C36-16B9-426D-AA0C-5961ECF8D88C}.Debug|iPhoneSimulator.Build.0 = Debug|Any CPU
		{24CE3C36-16B9-426D-AA0C-5961ECF8D88C}.Debug|iPhoneSimulator.Deploy.0 = Debug|Any CPU
		{24CE3C36-16B9-426D-AA0C-5961ECF8D88C}.Debug|x64.ActiveCfg = Debug|Any CPU
		{24CE3C36-16B9-426D-AA0C-5961ECF8D88C}.Debug|x64.Build.0 = Debug|Any CPU
		{24CE3C36-16B9-426D-AA0C-5961ECF8D88C}.Debug|x64.Deploy.0 = Debug|Any CPU
		{24CE3C36-16B9-426D-AA0C-5961ECF8D88C}.Debug|x86.ActiveCfg = Debug|Any CPU
		{24CE3C36-16B9-426D-AA0C-5961ECF8D88C}.Debug|x86.Build.0 = Debug|Any CPU
		{24CE3C36-16B9-426D-AA0C-5961ECF8D88C}.Debug|x86.Deploy.0 = Debug|Any CPU
		{24CE3C36-16B9-426D-AA0C-5961ECF8D88C}.Release|Any CPU.ActiveCfg = Release|Any CPU
		{24CE3C36-16B9-426D-AA0C-5961ECF8D88C}.Release|Any CPU.Build.0 = Release|Any CPU
		{24CE3C36-16B9-426D-AA0C-5961ECF8D88C}.Release|Any CPU.Deploy.0 = Release|Any CPU
		{24CE3C36-16B9-426D-AA0C-5961ECF8D88C}.Release|ARM.ActiveCfg = Release|Any CPU
		{24CE3C36-16B9-426D-AA0C-5961ECF8D88C}.Release|ARM.Build.0 = Release|Any CPU
		{24CE3C36-16B9-426D-AA0C-5961ECF8D88C}.Release|ARM.Deploy.0 = Release|Any CPU
		{24CE3C36-16B9-426D-AA0C-5961ECF8D88C}.Release|iPhone.ActiveCfg = Release|Any CPU
		{24CE3C36-16B9-426D-AA0C-5961ECF8D88C}.Release|iPhone.Build.0 = Release|Any CPU
		{24CE3C36-16B9-426D-AA0C-5961ECF8D88C}.Release|iPhone.Deploy.0 = Release|Any CPU
		{24CE3C36-16B9-426D-AA0C-5961ECF8D88C}.Release|iPhoneSimulator.ActiveCfg = Release|Any CPU
		{24CE3C36-16B9-426D-AA0C-5961ECF8D88C}.Release|iPhoneSimulator.Build.0 = Release|Any CPU
		{24CE3C36-16B9-426D-AA0C-5961ECF8D88C}.Release|iPhoneSimulator.Deploy.0 = Release|Any CPU
		{24CE3C36-16B9-426D-AA0C-5961ECF8D88C}.Release|x64.ActiveCfg = Release|Any CPU
		{24CE3C36-16B9-426D-AA0C-5961ECF8D88C}.Release|x64.Build.0 = Release|Any CPU
		{24CE3C36-16B9-426D-AA0C-5961ECF8D88C}.Release|x64.Deploy.0 = Release|Any CPU
		{24CE3C36-16B9-426D-AA0C-5961ECF8D88C}.Release|x86.ActiveCfg = Release|Any CPU
		{24CE3C36-16B9-426D-AA0C-5961ECF8D88C}.Release|x86.Build.0 = Release|Any CPU
		{24CE3C36-16B9-426D-AA0C-5961ECF8D88C}.Release|x86.Deploy.0 = Release|Any CPU
		{DE0C8C8D-3B7C-429F-9103-9183195D37CE}.Debug|Any CPU.ActiveCfg = Debug|iPhoneSimulator
		{DE0C8C8D-3B7C-429F-9103-9183195D37CE}.Debug|Any CPU.Build.0 = Debug|iPhoneSimulator
		{DE0C8C8D-3B7C-429F-9103-9183195D37CE}.Debug|Any CPU.Deploy.0 = Debug|iPhoneSimulator
		{DE0C8C8D-3B7C-429F-9103-9183195D37CE}.Debug|ARM.ActiveCfg = Debug|iPhone
		{DE0C8C8D-3B7C-429F-9103-9183195D37CE}.Debug|ARM.Build.0 = Debug|iPhone
		{DE0C8C8D-3B7C-429F-9103-9183195D37CE}.Debug|ARM.Deploy.0 = Debug|iPhone
		{DE0C8C8D-3B7C-429F-9103-9183195D37CE}.Debug|iPhone.ActiveCfg = Debug|iPhone
		{DE0C8C8D-3B7C-429F-9103-9183195D37CE}.Debug|iPhone.Build.0 = Debug|iPhone
		{DE0C8C8D-3B7C-429F-9103-9183195D37CE}.Debug|iPhone.Deploy.0 = Debug|iPhone
		{DE0C8C8D-3B7C-429F-9103-9183195D37CE}.Debug|iPhoneSimulator.ActiveCfg = Debug|iPhoneSimulator
		{DE0C8C8D-3B7C-429F-9103-9183195D37CE}.Debug|iPhoneSimulator.Build.0 = Debug|iPhoneSimulator
		{DE0C8C8D-3B7C-429F-9103-9183195D37CE}.Debug|iPhoneSimulator.Deploy.0 = Debug|iPhoneSimulator
		{DE0C8C8D-3B7C-429F-9103-9183195D37CE}.Debug|x64.ActiveCfg = Debug|iPhone
		{DE0C8C8D-3B7C-429F-9103-9183195D37CE}.Debug|x64.Build.0 = Debug|iPhone
		{DE0C8C8D-3B7C-429F-9103-9183195D37CE}.Debug|x64.Deploy.0 = Debug|iPhone
		{DE0C8C8D-3B7C-429F-9103-9183195D37CE}.Debug|x86.ActiveCfg = Debug|iPhone
		{DE0C8C8D-3B7C-429F-9103-9183195D37CE}.Debug|x86.Build.0 = Debug|iPhone
		{DE0C8C8D-3B7C-429F-9103-9183195D37CE}.Debug|x86.Deploy.0 = Debug|iPhone
		{DE0C8C8D-3B7C-429F-9103-9183195D37CE}.Release|Any CPU.ActiveCfg = Release|iPhone
		{DE0C8C8D-3B7C-429F-9103-9183195D37CE}.Release|Any CPU.Build.0 = Release|iPhone
		{DE0C8C8D-3B7C-429F-9103-9183195D37CE}.Release|Any CPU.Deploy.0 = Release|iPhone
		{DE0C8C8D-3B7C-429F-9103-9183195D37CE}.Release|ARM.ActiveCfg = Release|iPhone
		{DE0C8C8D-3B7C-429F-9103-9183195D37CE}.Release|ARM.Build.0 = Release|iPhone
		{DE0C8C8D-3B7C-429F-9103-9183195D37CE}.Release|ARM.Deploy.0 = Release|iPhone
		{DE0C8C8D-3B7C-429F-9103-9183195D37CE}.Release|iPhone.ActiveCfg = Release|iPhone
		{DE0C8C8D-3B7C-429F-9103-9183195D37CE}.Release|iPhone.Build.0 = Release|iPhone
		{DE0C8C8D-3B7C-429F-9103-9183195D37CE}.Release|iPhone.Deploy.0 = Release|iPhone
		{DE0C8C8D-3B7C-429F-9103-9183195D37CE}.Release|iPhoneSimulator.ActiveCfg = Release|iPhoneSimulator
		{DE0C8C8D-3B7C-429F-9103-9183195D37CE}.Release|iPhoneSimulator.Build.0 = Release|iPhoneSimulator
		{DE0C8C8D-3B7C-429F-9103-9183195D37CE}.Release|iPhoneSimulator.Deploy.0 = Release|iPhoneSimulator
		{DE0C8C8D-3B7C-429F-9103-9183195D37CE}.Release|x64.ActiveCfg = Release|iPhone
		{DE0C8C8D-3B7C-429F-9103-9183195D37CE}.Release|x64.Build.0 = Release|iPhone
		{DE0C8C8D-3B7C-429F-9103-9183195D37CE}.Release|x64.Deploy.0 = Release|iPhone
		{DE0C8C8D-3B7C-429F-9103-9183195D37CE}.Release|x86.ActiveCfg = Release|iPhone
		{DE0C8C8D-3B7C-429F-9103-9183195D37CE}.Release|x86.Build.0 = Release|iPhone
		{DE0C8C8D-3B7C-429F-9103-9183195D37CE}.Release|x86.Deploy.0 = Release|iPhone
		{692F0E6C-DAD9-406D-B948-1297706E94AB}.Debug|Any CPU.ActiveCfg = Debug|x86
		{692F0E6C-DAD9-406D-B948-1297706E94AB}.Debug|Any CPU.Build.0 = Debug|x86
		{692F0E6C-DAD9-406D-B948-1297706E94AB}.Debug|Any CPU.Deploy.0 = Debug|x86
		{692F0E6C-DAD9-406D-B948-1297706E94AB}.Debug|ARM.ActiveCfg = Debug|ARM
		{692F0E6C-DAD9-406D-B948-1297706E94AB}.Debug|ARM.Build.0 = Debug|ARM
		{692F0E6C-DAD9-406D-B948-1297706E94AB}.Debug|ARM.Deploy.0 = Debug|ARM
		{692F0E6C-DAD9-406D-B948-1297706E94AB}.Debug|iPhone.ActiveCfg = Debug|x86
		{692F0E6C-DAD9-406D-B948-1297706E94AB}.Debug|iPhone.Build.0 = Debug|x86
		{692F0E6C-DAD9-406D-B948-1297706E94AB}.Debug|iPhone.Deploy.0 = Debug|x86
		{692F0E6C-DAD9-406D-B948-1297706E94AB}.Debug|iPhoneSimulator.ActiveCfg = Debug|x86
		{692F0E6C-DAD9-406D-B948-1297706E94AB}.Debug|iPhoneSimulator.Build.0 = Debug|x86
		{692F0E6C-DAD9-406D-B948-1297706E94AB}.Debug|iPhoneSimulator.Deploy.0 = Debug|x86
		{692F0E6C-DAD9-406D-B948-1297706E94AB}.Debug|x64.ActiveCfg = Debug|x64
		{692F0E6C-DAD9-406D-B948-1297706E94AB}.Debug|x64.Build.0 = Debug|x64
		{692F0E6C-DAD9-406D-B948-1297706E94AB}.Debug|x64.Deploy.0 = Debug|x64
		{692F0E6C-DAD9-406D-B948-1297706E94AB}.Debug|x86.ActiveCfg = Debug|x86
		{692F0E6C-DAD9-406D-B948-1297706E94AB}.Debug|x86.Build.0 = Debug|x86
		{692F0E6C-DAD9-406D-B948-1297706E94AB}.Debug|x86.Deploy.0 = Debug|x86
		{692F0E6C-DAD9-406D-B948-1297706E94AB}.Release|Any CPU.ActiveCfg = Release|x86
		{692F0E6C-DAD9-406D-B948-1297706E94AB}.Release|Any CPU.Build.0 = Release|x86
		{692F0E6C-DAD9-406D-B948-1297706E94AB}.Release|Any CPU.Deploy.0 = Release|x86
		{692F0E6C-DAD9-406D-B948-1297706E94AB}.Release|ARM.ActiveCfg = Release|ARM
		{692F0E6C-DAD9-406D-B948-1297706E94AB}.Release|ARM.Build.0 = Release|ARM
		{692F0E6C-DAD9-406D-B948-1297706E94AB}.Release|ARM.Deploy.0 = Release|ARM
		{692F0E6C-DAD9-406D-B948-1297706E94AB}.Release|iPhone.ActiveCfg = Release|x86
		{692F0E6C-DAD9-406D-B948-1297706E94AB}.Release|iPhone.Build.0 = Release|x86
		{692F0E6C-DAD9-406D-B948-1297706E94AB}.Release|iPhone.Deploy.0 = Release|x86
		{692F0E6C-DAD9-406D-B948-1297706E94AB}.Release|iPhoneSimulator.ActiveCfg = Release|x86
		{692F0E6C-DAD9-406D-B948-1297706E94AB}.Release|iPhoneSimulator.Build.0 = Release|x86
		{692F0E6C-DAD9-406D-B948-1297706E94AB}.Release|iPhoneSimulator.Deploy.0 = Release|x86
		{692F0E6C-DAD9-406D-B948-1297706E94AB}.Release|x64.ActiveCfg = Release|x64
		{692F0E6C-DAD9-406D-B948-1297706E94AB}.Release|x64.Build.0 = Release|x64
		{692F0E6C-DAD9-406D-B948-1297706E94AB}.Release|x64.Deploy.0 = Release|x64
		{692F0E6C-DAD9-406D-B948-1297706E94AB}.Release|x86.ActiveCfg = Release|x86
		{692F0E6C-DAD9-406D-B948-1297706E94AB}.Release|x86.Build.0 = Release|x86
		{692F0E6C-DAD9-406D-B948-1297706E94AB}.Release|x86.Deploy.0 = Release|x86
		{C9E5725D-2C7E-42F7-BAAC-F42560039D86}.Debug|Any CPU.ActiveCfg = Debug|Any CPU
		{C9E5725D-2C7E-42F7-BAAC-F42560039D86}.Debug|Any CPU.Build.0 = Debug|Any CPU
		{C9E5725D-2C7E-42F7-BAAC-F42560039D86}.Debug|Any CPU.Deploy.0 = Debug|Any CPU
		{C9E5725D-2C7E-42F7-BAAC-F42560039D86}.Debug|ARM.ActiveCfg = Debug|Any CPU
		{C9E5725D-2C7E-42F7-BAAC-F42560039D86}.Debug|ARM.Build.0 = Debug|Any CPU
		{C9E5725D-2C7E-42F7-BAAC-F42560039D86}.Debug|ARM.Deploy.0 = Debug|Any CPU
		{C9E5725D-2C7E-42F7-BAAC-F42560039D86}.Debug|iPhone.ActiveCfg = Debug|Any CPU
		{C9E5725D-2C7E-42F7-BAAC-F42560039D86}.Debug|iPhone.Build.0 = Debug|Any CPU
		{C9E5725D-2C7E-42F7-BAAC-F42560039D86}.Debug|iPhone.Deploy.0 = Debug|Any CPU
		{C9E5725D-2C7E-42F7-BAAC-F42560039D86}.Debug|iPhoneSimulator.ActiveCfg = Debug|Any CPU
		{C9E5725D-2C7E-42F7-BAAC-F42560039D86}.Debug|iPhoneSimulator.Build.0 = Debug|Any CPU
		{C9E5725D-2C7E-42F7-BAAC-F42560039D86}.Debug|iPhoneSimulator.Deploy.0 = Debug|Any CPU
		{C9E5725D-2C7E-42F7-BAAC-F42560039D86}.Debug|x64.ActiveCfg = Debug|Any CPU
		{C9E5725D-2C7E-42F7-BAAC-F42560039D86}.Debug|x64.Build.0 = Debug|Any CPU
		{C9E5725D-2C7E-42F7-BAAC-F42560039D86}.Debug|x64.Deploy.0 = Debug|Any CPU
		{C9E5725D-2C7E-42F7-BAAC-F42560039D86}.Debug|x86.ActiveCfg = Debug|Any CPU
		{C9E5725D-2C7E-42F7-BAAC-F42560039D86}.Debug|x86.Build.0 = Debug|Any CPU
		{C9E5725D-2C7E-42F7-BAAC-F42560039D86}.Debug|x86.Deploy.0 = Debug|Any CPU
		{C9E5725D-2C7E-42F7-BAAC-F42560039D86}.Release|Any CPU.ActiveCfg = Release|Any CPU
		{C9E5725D-2C7E-42F7-BAAC-F42560039D86}.Release|Any CPU.Build.0 = Release|Any CPU
		{C9E5725D-2C7E-42F7-BAAC-F42560039D86}.Release|Any CPU.Deploy.0 = Release|Any CPU
		{C9E5725D-2C7E-42F7-BAAC-F42560039D86}.Release|ARM.ActiveCfg = Release|Any CPU
		{C9E5725D-2C7E-42F7-BAAC-F42560039D86}.Release|ARM.Build.0 = Release|Any CPU
		{C9E5725D-2C7E-42F7-BAAC-F42560039D86}.Release|ARM.Deploy.0 = Release|Any CPU
		{C9E5725D-2C7E-42F7-BAAC-F42560039D86}.Release|iPhone.ActiveCfg = Release|Any CPU
		{C9E5725D-2C7E-42F7-BAAC-F42560039D86}.Release|iPhone.Build.0 = Release|Any CPU
		{C9E5725D-2C7E-42F7-BAAC-F42560039D86}.Release|iPhone.Deploy.0 = Release|Any CPU
		{C9E5725D-2C7E-42F7-BAAC-F42560039D86}.Release|iPhoneSimulator.ActiveCfg = Release|Any CPU
		{C9E5725D-2C7E-42F7-BAAC-F42560039D86}.Release|iPhoneSimulator.Build.0 = Release|Any CPU
		{C9E5725D-2C7E-42F7-BAAC-F42560039D86}.Release|iPhoneSimulator.Deploy.0 = Release|Any CPU
		{C9E5725D-2C7E-42F7-BAAC-F42560039D86}.Release|x64.ActiveCfg = Release|Any CPU
		{C9E5725D-2C7E-42F7-BAAC-F42560039D86}.Release|x64.Build.0 = Release|Any CPU
		{C9E5725D-2C7E-42F7-BAAC-F42560039D86}.Release|x64.Deploy.0 = Release|Any CPU
		{C9E5725D-2C7E-42F7-BAAC-F42560039D86}.Release|x86.ActiveCfg = Release|Any CPU
		{C9E5725D-2C7E-42F7-BAAC-F42560039D86}.Release|x86.Build.0 = Release|Any CPU
		{C9E5725D-2C7E-42F7-BAAC-F42560039D86}.Release|x86.Deploy.0 = Release|Any CPU
	EndGlobalSection
	GlobalSection(SolutionProperties) = preSolution
		HideSolutionNode = FALSE
	EndGlobalSection
	GlobalSection(ExtensibilityGlobals) = postSolution
		SolutionGuid = {DC3012E6-B6B0-408E-82FE-35D68B905D1E}
	EndGlobalSection
EndGlobal
